
Microsoft Visual Studio Solution File, Format Version 12.00
# Visual Studio 2013
VisualStudioVersion = 12.0.30501.0
MinimumVisualStudioVersion = 10.0.40219.1
Project("{FAE04EC0-301F-11D3-BF4B-00C04F79EFBC}") = "WpfCnxLayoutSetControlDemo", "WpfCnxLayoutSetControlDemo\WpfCnxLayoutSetControlDemo.csproj", "{701523B3-BC6D-452B-A9B1-8753A4C55AEE}"
EndProject
Global
	GlobalSection(SolutionConfigurationPlatforms) = preSolution
		Debug|Any CPU = Debug|Any CPU
		Release|Any CPU = Release|Any CPU
	EndGlobalSection
	GlobalSection(ProjectConfigurationPlatforms) = postSolution
		{701523B3-BC6D-452B-A9B1-8753A4C55AEE}.Debug|Any CPU.ActiveCfg = Debug|Any CPU
		{701523B3-BC6D-452B-A9B1-8753A4C55AEE}.Debug|Any CPU.Build.0 = Debug|Any CPU
		{701523B3-BC6D-452B-A9B1-8753A4C55AEE}.Release|Any CPU.ActiveCfg = Release|Any CPU
		{701523B3-BC6D-452B-A9B1-8753A4C55AEE}.Release|Any CPU.Build.0 = Release|Any CPU
	EndGlobalSection
	GlobalSection(SolutionProperties) = preSolution
		HideSolutionNode = FALSE
	EndGlobalSection
EndGlobal
